// !$*UTF8*$!
{
	archiveVersion = 1;
	classes = {
	};
	objectVersion = 77;
	objects = {

/* Begin PBXBuildFile section */
		78220FC72DB478BE00473F39 /* Preview Assets.xcassets in Resources */ = {isa = PBXBuildFile; fileRef = 78220FC12DB478BE00473F39 /* Preview Assets.xcassets */; };
		78220FC82DB478BE00473F39 /* Assets.xcassets in Resources */ = {isa = PBXBuildFile; fileRef = 78220FC32DB478BE00473F39 /* Assets.xcassets */; };
		78220FC92DB478BE00473F39 /* ContentView.swift in Sources */ = {isa = PBXBuildFile; fileRef = 78220FC42DB478BE00473F39 /* ContentView.swift */; };
		78220FCA2DB478BE00473F39 /* DojoDorkApp.swift in Sources */ = {isa = PBXBuildFile; fileRef = 78220FC52DB478BE00473F39 /* DojoDorkApp.swift */; };
		78220FCD2DB4790000473F39 /* Colors.xcassets in Resources */ = {isa = PBXBuildFile; fileRef = 78220FCC2DB4790000473F39 /* Colors.xcassets */; };
		78220FD52DB4798800473F39 /* OPTIBernhardGothic-XHeavy.otf in Resources */ = {isa = PBXBuildFile; fileRef = 78220FD42DB4798800473F39 /* OPTIBernhardGothic-XHeavy.otf */; };
		78220FD92DB47A2800473F39 /* Font+Extensions.swift in Sources */ = {isa = PBXBuildFile; fileRef = 78220FD82DB47A2200473F39 /* Font+Extensions.swift */; };
		78220FDC2DB47B0D00473F39 /* SolidBackground.swift in Sources */ = {isa = PBXBuildFile; fileRef = 78220FDB2DB47B0B00473F39 /* SolidBackground.swift */; };
		78220FE12DB47B5C00473F39 /* DependencyContainer.swift in Sources */ = {isa = PBXBuildFile; fileRef = 78220FE02DB47B5900473F39 /* DependencyContainer.swift */; };
		78220FE32DB47BA900473F39 /* User.swift in Sources */ = {isa = PBXBuildFile; fileRef = 78220FE22DB47BA700473F39 /* User.swift */; };
		78220FE62DB47BBE00473F39 /* Students.swift in Sources */ = {isa = PBXBuildFile; fileRef = 78220FE52DB47BBD00473F39 /* Students.swift */; };
		78220FE92DB47C6E00473F39 /* Program.swift in Sources */ = {isa = PBXBuildFile; fileRef = 78220FE82DB47C6C00473F39 /* Program.swift */; };
		78220FEC2DB47C9100473F39 /* AttendanceLog.swift in Sources */ = {isa = PBXBuildFile; fileRef = 78220FEB2DB47C8D00473F39 /* AttendanceLog.swift */; };
		78220FEF2DB47CB300473F39 /* StudentSummary.swift in Sources */ = {isa = PBXBuildFile; fileRef = 78220FEE2DB47CAA00473F39 /* StudentSummary.swift */; };
		78220FF12DB47CC400473F39 /* DateFormatter+Extensions.swift in Sources */ = {isa = PBXBuildFile; fileRef = 78220FF02DB47CC100473F39 /* DateFormatter+Extensions.swift */; };
		78220FF42DB4807B00473F39 /* Swinject in Frameworks */ = {isa = PBXBuildFile; productRef = 78220FF32DB4807B00473F39 /* Swinject */; };
/* End PBXBuildFile section */

/* Begin PBXFileReference section */
		78220FB02DB4782100473F39 /* DojoDork.app */ = {isa = PBXFileReference; explicitFileType = wrapper.application; includeInIndex = 0; path = DojoDork.app; sourceTree = BUILT_PRODUCTS_DIR; };
		78220FC12DB478BE00473F39 /* Preview Assets.xcassets */ = {isa = PBXFileReference; lastKnownFileType = folder.assetcatalog; path = "Preview Assets.xcassets"; sourceTree = "<group>"; };
		78220FC32DB478BE00473F39 /* Assets.xcassets */ = {isa = PBXFileReference; lastKnownFileType = folder.assetcatalog; path = Assets.xcassets; sourceTree = "<group>"; };
		78220FC42DB478BE00473F39 /* ContentView.swift */ = {isa = PBXFileReference; lastKnownFileType = sourcecode.swift; path = ContentView.swift; sourceTree = "<group>"; };
		78220FC52DB478BE00473F39 /* DojoDorkApp.swift */ = {isa = PBXFileReference; lastKnownFileType = sourcecode.swift; path = DojoDorkApp.swift; sourceTree = "<group>"; };
		78220FCC2DB4790000473F39 /* Colors.xcassets */ = {isa = PBXFileReference; lastKnownFileType = folder.assetcatalog; path = Colors.xcassets; sourceTree = "<group>"; };
		78220FD42DB4798800473F39 /* OPTIBernhardGothic-XHeavy.otf */ = {isa = PBXFileReference; lastKnownFileType = file; path = "OPTIBernhardGothic-XHeavy.otf"; sourceTree = "<group>"; };
		78220FD62DB47A0600473F39 /* Info.plist */ = {isa = PBXFileReference; lastKnownFileType = text.plist.xml; path = Info.plist; sourceTree = "<group>"; };
		78220FD82DB47A2200473F39 /* Font+Extensions.swift */ = {isa = PBXFileReference; lastKnownFileType = sourcecode.swift; path = "Font+Extensions.swift"; sourceTree = "<group>"; };
		78220FDB2DB47B0B00473F39 /* SolidBackground.swift */ = {isa = PBXFileReference; lastKnownFileType = sourcecode.swift; path = SolidBackground.swift; sourceTree = "<group>"; };
		78220FE02DB47B5900473F39 /* DependencyContainer.swift */ = {isa = PBXFileReference; lastKnownFileType = sourcecode.swift; path = DependencyContainer.swift; sourceTree = "<group>"; };
		78220FE22DB47BA700473F39 /* User.swift */ = {isa = PBXFileReference; lastKnownFileType = sourcecode.swift; path = User.swift; sourceTree = "<group>"; };
		78220FE52DB47BBD00473F39 /* Students.swift */ = {isa = PBXFileReference; lastKnownFileType = sourcecode.swift; path = Students.swift; sourceTree = "<group>"; };
		78220FE82DB47C6C00473F39 /* Program.swift */ = {isa = PBXFileReference; lastKnownFileType = sourcecode.swift; path = Program.swift; sourceTree = "<group>"; };
		78220FEB2DB47C8D00473F39 /* AttendanceLog.swift */ = {isa = PBXFileReference; lastKnownFileType = sourcecode.swift; path = AttendanceLog.swift; sourceTree = "<group>"; };
		78220FEE2DB47CAA00473F39 /* StudentSummary.swift */ = {isa = PBXFileReference; lastKnownFileType = sourcecode.swift; path = StudentSummary.swift; sourceTree = "<group>"; };
		78220FF02DB47CC100473F39 /* DateFormatter+Extensions.swift */ = {isa = PBXFileReference; lastKnownFileType = sourcecode.swift; path = "DateFormatter+Extensions.swift"; sourceTree = "<group>"; };
/* End PBXFileReference section */

/* Begin PBXFrameworksBuildPhase section */
		78220FAD2DB4782100473F39 /* Frameworks */ = {
			isa = PBXFrameworksBuildPhase;
			buildActionMask = 2147483647;
			files = (
				78220FF42DB4807B00473F39 /* Swinject in Frameworks */,
			);
			runOnlyForDeploymentPostprocessing = 0;
		};
/* End PBXFrameworksBuildPhase section */

/* Begin PBXGroup section */
		78220FA72DB4782100473F39 = {
			isa = PBXGroup;
			children = (
				78220FC62DB478BE00473F39 /* DojoDork */,
				78220FB12DB4782100473F39 /* Products */,
			);
			sourceTree = "<group>";
		};
		78220FB12DB4782100473F39 /* Products */ = {
			isa = PBXGroup;
			children = (
				78220FB02DB4782100473F39 /* DojoDork.app */,
			);
			name = Products;
			sourceTree = "<group>";
		};
		78220FC22DB478BE00473F39 /* Preview Content */ = {
			isa = PBXGroup;
			children = (
				78220FC12DB478BE00473F39 /* Preview Assets.xcassets */,
			);
			path = "Preview Content";
			sourceTree = "<group>";
		};
		78220FC62DB478BE00473F39 /* DojoDork */ = {
			isa = PBXGroup;
			children = (
				78220FCF2DB4791E00473F39 /* App */,
				78220FD02DB4792900473F39 /* Domain */,
				78220FD12DB4792D00473F39 /* Presentation */,
				78220FD22DB4795800473F39 /* Components */,
				78220FD32DB4795D00473F39 /* Utilities */,
				78220FCB2DB478C100473F39 /* Resources */,
				78220FD62DB47A0600473F39 /* Info.plist */,
			);
			path = DojoDork;
			sourceTree = "<group>";
		};
		78220FCB2DB478C100473F39 /* Resources */ = {
			isa = PBXGroup;
			children = (
				78220FC32DB478BE00473F39 /* Assets.xcassets */,
				78220FCC2DB4790000473F39 /* Colors.xcassets */,
				78220FCE2DB4790400473F39 /* Fonts */,
				78220FC22DB478BE00473F39 /* Preview Content */,
			);
			path = Resources;
			sourceTree = "<group>";
		};
		78220FCE2DB4790400473F39 /* Fonts */ = {
			isa = PBXGroup;
			children = (
				78220FD42DB4798800473F39 /* OPTIBernhardGothic-XHeavy.otf */,
			);
			path = Fonts;
			sourceTree = "<group>";
		};
		78220FCF2DB4791E00473F39 /* App */ = {
			isa = PBXGroup;
			children = (
				78220FC52DB478BE00473F39 /* DojoDorkApp.swift */,
			);
			path = App;
			sourceTree = "<group>";
		};
		78220FD02DB4792900473F39 /* Domain */ = {
			isa = PBXGroup;
			children = (
				78220FDD2DB47B3E00473F39 /* Models */,
			);
			path = Domain;
			sourceTree = "<group>";
		};
		78220FD12DB4792D00473F39 /* Presentation */ = {
			isa = PBXGroup;
			children = (
				78220FC42DB478BE00473F39 /* ContentView.swift */,
			);
			path = Presentation;
			sourceTree = "<group>";
		};
		78220FD22DB4795800473F39 /* Components */ = {
			isa = PBXGroup;
			children = (
				78220FDA2DB47B0500473F39 /* Containers */,
			);
			path = Components;
			sourceTree = "<group>";
		};
		78220FD32DB4795D00473F39 /* Utilities */ = {
			isa = PBXGroup;
			children = (
				78220FD72DB47A1B00473F39 /* Extensions */,
				78220FDF2DB47B5300473F39 /* Managers */,
			);
			path = Utilities;
			sourceTree = "<group>";
		};
		78220FD72DB47A1B00473F39 /* Extensions */ = {
			isa = PBXGroup;
			children = (
				78220FF02DB47CC100473F39 /* DateFormatter+Extensions.swift */,
				78220FD82DB47A2200473F39 /* Font+Extensions.swift */,
			);
			path = Extensions;
			sourceTree = "<group>";
		};
		78220FDA2DB47B0500473F39 /* Containers */ = {
			isa = PBXGroup;
			children = (
				78220FDB2DB47B0B00473F39 /* SolidBackground.swift */,
			);
			path = Containers;
			sourceTree = "<group>";
		};
		78220FDD2DB47B3E00473F39 /* Models */ = {
			isa = PBXGroup;
			children = (
				78220FEA2DB47C8700473F39 /* Attendance */,
				78220FE72DB47C6700473F39 /* Programs */,
				78220FED2DB47CA200473F39 /* Reports */,
				78220FE42DB47BAF00473F39 /* Students */,
				78220FDE2DB47B4200473F39 /* Users */,
			);
			path = Models;
			sourceTree = "<group>";
		};
		78220FDE2DB47B4200473F39 /* Users */ = {
			isa = PBXGroup;
			children = (
				78220FE22DB47BA700473F39 /* User.swift */,
			);
			path = Users;
			sourceTree = "<group>";
		};
		78220FDF2DB47B5300473F39 /* Managers */ = {
			isa = PBXGroup;
			children = (
				78220FE02DB47B5900473F39 /* DependencyContainer.swift */,
			);
			path = Managers;
			sourceTree = "<group>";
		};
		78220FE42DB47BAF00473F39 /* Students */ = {
			isa = PBXGroup;
			children = (
				78220FE52DB47BBD00473F39 /* Students.swift */,
			);
			path = Students;
			sourceTree = "<group>";
		};
		78220FE72DB47C6700473F39 /* Programs */ = {
			isa = PBXGroup;
			children = (
				78220FE82DB47C6C00473F39 /* Program.swift */,
			);
			path = Programs;
			sourceTree = "<group>";
		};
		78220FEA2DB47C8700473F39 /* Attendance */ = {
			isa = PBXGroup;
			children = (
				78220FEB2DB47C8D00473F39 /* AttendanceLog.swift */,
			);
			path = Attendance;
			sourceTree = "<group>";
		};
		78220FED2DB47CA200473F39 /* Reports */ = {
			isa = PBXGroup;
			children = (
				78220FEE2DB47CAA00473F39 /* StudentSummary.swift */,
			);
			path = Reports;
			sourceTree = "<group>";
		};
/* End PBXGroup section */

/* Begin PBXNativeTarget section */
		78220FAF2DB4782100473F39 /* DojoDork */ = {
			isa = PBXNativeTarget;
			buildConfigurationList = 78220FBE2DB4782200473F39 /* Build configuration list for PBXNativeTarget "DojoDork" */;
			buildPhases = (
				78220FAC2DB4782100473F39 /* Sources */,
				78220FAD2DB4782100473F39 /* Frameworks */,
				78220FAE2DB4782100473F39 /* Resources */,
			);
			buildRules = (
			);
			dependencies = (
			);
			name = DojoDork;
			packageProductDependencies = (
				78220FF32DB4807B00473F39 /* Swinject */,
			);
			productName = DojoDork;
			productReference = 78220FB02DB4782100473F39 /* DojoDork.app */;
			productType = "com.apple.product-type.application";
		};
/* End PBXNativeTarget section */

/* Begin PBXProject section */
		78220FA82DB4782100473F39 /* Project object */ = {
			isa = PBXProject;
			attributes = {
				BuildIndependentTargetsInParallel = 1;
				LastSwiftUpdateCheck = 1620;
				LastUpgradeCheck = 1620;
				TargetAttributes = {
					78220FAF2DB4782100473F39 = {
						CreatedOnToolsVersion = 16.2;
					};
				};
			};
			buildConfigurationList = 78220FAB2DB4782100473F39 /* Build configuration list for PBXProject "DojoDork" */;
			developmentRegion = en;
			hasScannedForEncodings = 0;
			knownRegions = (
				en,
				Base,
			);
			mainGroup = 78220FA72DB4782100473F39;
			minimizedProjectReferenceProxies = 1;
			packageReferences = (
				78220FF22DB4807B00473F39 /* XCRemoteSwiftPackageReference "Swinject" */,
			);
			preferredProjectObjectVersion = 77;
			productRefGroup = 78220FB12DB4782100473F39 /* Products */;
			projectDirPath = "";
			projectRoot = "";
			targets = (
				78220FAF2DB4782100473F39 /* DojoDork */,
			);
		};
/* End PBXProject section */

/* Begin PBXResourcesBuildPhase section */
		78220FAE2DB4782100473F39 /* Resources */ = {
			isa = PBXResourcesBuildPhase;
			buildActionMask = 2147483647;
			files = (
				78220FCD2DB4790000473F39 /* Colors.xcassets in Resources */,
				78220FC72DB478BE00473F39 /* Preview Assets.xcassets in Resources */,
				78220FD52DB4798800473F39 /* OPTIBernhardGothic-XHeavy.otf in Resources */,
				78220FC82DB478BE00473F39 /* Assets.xcassets in Resources */,
			);
			runOnlyForDeploymentPostprocessing = 0;
		};
/* End PBXResourcesBuildPhase section */

/* Begin PBXSourcesBuildPhase section */
		78220FAC2DB4782100473F39 /* Sources */ = {
			isa = PBXSourcesBuildPhase;
			buildActionMask = 2147483647;
			files = (
				78220FE92DB47C6E00473F39 /* Program.swift in Sources */,
				78220FD92DB47A2800473F39 /* Font+Extensions.swift in Sources */,
				78220FE12DB47B5C00473F39 /* DependencyContainer.swift in Sources */,
				78220FE32DB47BA900473F39 /* User.swift in Sources */,
				78220FE62DB47BBE00473F39 /* Students.swift in Sources */,
				78220FC92DB478BE00473F39 /* ContentView.swift in Sources */,
				78220FEC2DB47C9100473F39 /* AttendanceLog.swift in Sources */,
				78220FCA2DB478BE00473F39 /* DojoDorkApp.swift in Sources */,
				78220FEF2DB47CB300473F39 /* StudentSummary.swift in Sources */,
				78220FF12DB47CC400473F39 /* DateFormatter+Extensions.swift in Sources */,
				78220FDC2DB47B0D00473F39 /* SolidBackground.swift in Sources */,
			);
			runOnlyForDeploymentPostprocessing = 0;
		};
/* End PBXSourcesBuildPhase section */

/* Begin XCBuildConfiguration section */
		78220FBC2DB4782200473F39 /* Debug */ = {
			isa = XCBuildConfiguration;
			buildSettings = {
				ALWAYS_SEARCH_USER_PATHS = NO;
				ASSETCATALOG_COMPILER_GENERATE_SWIFT_ASSET_SYMBOL_EXTENSIONS = YES;
				CLANG_ANALYZER_NONNULL = YES;
				CLANG_ANALYZER_NUMBER_OBJECT_CONVERSION = YES_AGGRESSIVE;
				CLANG_CXX_LANGUAGE_STANDARD = "gnu++20";
				CLANG_ENABLE_MODULES = YES;
				CLANG_ENABLE_OBJC_ARC = YES;
				CLANG_ENABLE_OBJC_WEAK = YES;
				CLANG_WARN_BLOCK_CAPTURE_AUTORELEASING = YES;
				CLANG_WARN_BOOL_CONVERSION = YES;
				CLANG_WARN_COMMA = YES;
				CLANG_WARN_CONSTANT_CONVERSION = YES;
				CLANG_WARN_DEPRECATED_OBJC_IMPLEMENTATIONS = YES;
				CLANG_WARN_DIRECT_OBJC_ISA_USAGE = YES_ERROR;
				CLANG_WARN_DOCUMENTATION_COMMENTS = YES;
				CLANG_WARN_EMPTY_BODY = YES;
				CLANG_WARN_ENUM_CONVERSION = YES;
				CLANG_WARN_INFINITE_RECURSION = YES;
				CLANG_WARN_INT_CONVERSION = YES;
				CLANG_WARN_NON_LITERAL_NULL_CONVERSION = YES;
				CLANG_WARN_OBJC_IMPLICIT_RETAIN_SELF = YES;
				CLANG_WARN_OBJC_LITERAL_CONVERSION = YES;
				CLANG_WARN_OBJC_ROOT_CLASS = YES_ERROR;
				CLANG_WARN_QUOTED_INCLUDE_IN_FRAMEWORK_HEADER = YES;
				CLANG_WARN_RANGE_LOOP_ANALYSIS = YES;
				CLANG_WARN_STRICT_PROTOTYPES = YES;
				CLANG_WARN_SUSPICIOUS_MOVE = YES;
				CLANG_WARN_UNGUARDED_AVAILABILITY = YES_AGGRESSIVE;
				CLANG_WARN_UNREACHABLE_CODE = YES;
				CLANG_WARN__DUPLICATE_METHOD_MATCH = YES;
				COPY_PHASE_STRIP = NO;
				DEBUG_INFORMATION_FORMAT = dwarf;
				ENABLE_STRICT_OBJC_MSGSEND = YES;
				ENABLE_TESTABILITY = YES;
				ENABLE_USER_SCRIPT_SANDBOXING = YES;
				GCC_C_LANGUAGE_STANDARD = gnu17;
				GCC_DYNAMIC_NO_PIC = NO;
				GCC_NO_COMMON_BLOCKS = YES;
				GCC_OPTIMIZATION_LEVEL = 0;
				GCC_PREPROCESSOR_DEFINITIONS = (
					"DEBUG=1",
					"$(inherited)",
				);
				GCC_WARN_64_TO_32_BIT_CONVERSION = YES;
				GCC_WARN_ABOUT_RETURN_TYPE = YES_ERROR;
				GCC_WARN_UNDECLARED_SELECTOR = YES;
				GCC_WARN_UNINITIALIZED_AUTOS = YES_AGGRESSIVE;
				GCC_WARN_UNUSED_FUNCTION = YES;
				GCC_WARN_UNUSED_VARIABLE = YES;
				IPHONEOS_DEPLOYMENT_TARGET = 18.2;
				LOCALIZATION_PREFERS_STRING_CATALOGS = YES;
				MTL_ENABLE_DEBUG_INFO = INCLUDE_SOURCE;
				MTL_FAST_MATH = YES;
				ONLY_ACTIVE_ARCH = YES;
				SDKROOT = iphoneos;
				SWIFT_ACTIVE_COMPILATION_CONDITIONS = "DEBUG $(inherited)";
				SWIFT_OPTIMIZATION_LEVEL = "-Onone";
			};
			name = Debug;
		};
		78220FBD2DB4782200473F39 /* Release */ = {
			isa = XCBuildConfiguration;
			buildSettings = {
				ALWAYS_SEARCH_USER_PATHS = NO;
				ASSETCATALOG_COMPILER_GENERATE_SWIFT_ASSET_SYMBOL_EXTENSIONS = YES;
				CLANG_ANALYZER_NONNULL = YES;
				CLANG_ANALYZER_NUMBER_OBJECT_CONVERSION = YES_AGGRESSIVE;
				CLANG_CXX_LANGUAGE_STANDARD = "gnu++20";
				CLANG_ENABLE_MODULES = YES;
				CLANG_ENABLE_OBJC_ARC = YES;
				CLANG_ENABLE_OBJC_WEAK = YES;
				CLANG_WARN_BLOCK_CAPTURE_AUTORELEASING = YES;
				CLANG_WARN_BOOL_CONVERSION = YES;
				CLANG_WARN_COMMA = YES;
				CLANG_WARN_CONSTANT_CONVERSION = YES;
				CLANG_WARN_DEPRECATED_OBJC_IMPLEMENTATIONS = YES;
				CLANG_WARN_DIRECT_OBJC_ISA_USAGE = YES_ERROR;
				CLANG_WARN_DOCUMENTATION_COMMENTS = YES;
				CLANG_WARN_EMPTY_BODY = YES;
				CLANG_WARN_ENUM_CONVERSION = YES;
				CLANG_WARN_INFINITE_RECURSION = YES;
				CLANG_WARN_INT_CONVERSION = YES;
				CLANG_WARN_NON_LITERAL_NULL_CONVERSION = YES;
				CLANG_WARN_OBJC_IMPLICIT_RETAIN_SELF = YES;
				CLANG_WARN_OBJC_LITERAL_CONVERSION = YES;
				CLANG_WARN_OBJC_ROOT_CLASS = YES_ERROR;
				CLANG_WARN_QUOTED_INCLUDE_IN_FRAMEWORK_HEADER = YES;
				CLANG_WARN_RANGE_LOOP_ANALYSIS = YES;
				CLANG_WARN_STRICT_PROTOTYPES = YES;
				CLANG_WARN_SUSPICIOUS_MOVE = YES;
				CLANG_WARN_UNGUARDED_AVAILABILITY = YES_AGGRESSIVE;
				CLANG_WARN_UNREACHABLE_CODE = YES;
				CLANG_WARN__DUPLICATE_METHOD_MATCH = YES;
				COPY_PHASE_STRIP = NO;
				DEBUG_INFORMATION_FORMAT = "dwarf-with-dsym";
				ENABLE_NS_ASSERTIONS = NO;
				ENABLE_STRICT_OBJC_MSGSEND = YES;
				ENABLE_USER_SCRIPT_SANDBOXING = YES;
				GCC_C_LANGUAGE_STANDARD = gnu17;
				GCC_NO_COMMON_BLOCKS = YES;
				GCC_WARN_64_TO_32_BIT_CONVERSION = YES;
				GCC_WARN_ABOUT_RETURN_TYPE = YES_ERROR;
				GCC_WARN_UNDECLARED_SELECTOR = YES;
				GCC_WARN_UNINITIALIZED_AUTOS = YES_AGGRESSIVE;
				GCC_WARN_UNUSED_FUNCTION = YES;
				GCC_WARN_UNUSED_VARIABLE = YES;
				IPHONEOS_DEPLOYMENT_TARGET = 18.2;
				LOCALIZATION_PREFERS_STRING_CATALOGS = YES;
				MTL_ENABLE_DEBUG_INFO = NO;
				MTL_FAST_MATH = YES;
				SDKROOT = iphoneos;
				SWIFT_COMPILATION_MODE = wholemodule;
				VALIDATE_PRODUCT = YES;
			};
			name = Release;
		};
		78220FBF2DB4782200473F39 /* Debug */ = {
			isa = XCBuildConfiguration;
			buildSettings = {
				ASSETCATALOG_COMPILER_APPICON_NAME = AppIcon;
				ASSETCATALOG_COMPILER_GLOBAL_ACCENT_COLOR_NAME = AccentColor;
				CODE_SIGN_STYLE = Automatic;
				CURRENT_PROJECT_VERSION = 1;
				DEVELOPMENT_ASSET_PATHS = "\"DojoDork/Resources/Preview Content\"";
				DEVELOPMENT_TEAM = MJA8334VZT;
				ENABLE_PREVIEWS = YES;
				GENERATE_INFOPLIST_FILE = YES;
				INFOPLIST_FILE = DojoDork/Info.plist;
				INFOPLIST_KEY_UIApplicationSceneManifest_Generation = YES;
				INFOPLIST_KEY_UIApplicationSupportsIndirectInputEvents = YES;
				INFOPLIST_KEY_UILaunchScreen_Generation = YES;
				INFOPLIST_KEY_UISupportedInterfaceOrientations_iPad = "UIInterfaceOrientationPortrait UIInterfaceOrientationPortraitUpsideDown UIInterfaceOrientationLandscapeLeft UIInterfaceOrientationLandscapeRight";
				INFOPLIST_KEY_UISupportedInterfaceOrientations_iPhone = "UIInterfaceOrientationPortrait UIInterfaceOrientationLandscapeLeft UIInterfaceOrientationLandscapeRight";
				IPHONEOS_DEPLOYMENT_TARGET = 17.6;
				LD_RUNPATH_SEARCH_PATHS = (
					"$(inherited)",
					"@executable_path/Frameworks",
				);
				MARKETING_VERSION = 1.0;
				PRODUCT_BUNDLE_IDENTIFIER = com.zigamajig.DojoDork;
				PRODUCT_NAME = "$(TARGET_NAME)";
				SWIFT_EMIT_LOC_STRINGS = YES;
				SWIFT_VERSION = 5.0;
				TARGETED_DEVICE_FAMILY = "1,2";
			};
			name = Debug;
		};
		78220FC02DB4782200473F39 /* Release */ = {
			isa = XCBuildConfiguration;
			buildSettings = {
				ASSETCATALOG_COMPILER_APPICON_NAME = AppIcon;
				ASSETCATALOG_COMPILER_GLOBAL_ACCENT_COLOR_NAME = AccentColor;
				CODE_SIGN_STYLE = Automatic;
				CURRENT_PROJECT_VERSION = 1;
				DEVELOPMENT_ASSET_PATHS = "\"DojoDork/Resources/Preview Content\"";
				DEVELOPMENT_TEAM = MJA8334VZT;
				ENABLE_PREVIEWS = YES;
				GENERATE_INFOPLIST_FILE = YES;
				INFOPLIST_FILE = DojoDork/Info.plist;
				INFOPLIST_KEY_UIApplicationSceneManifest_Generation = YES;
				INFOPLIST_KEY_UIApplicationSupportsIndirectInputEvents = YES;
				INFOPLIST_KEY_UILaunchScreen_Generation = YES;
				INFOPLIST_KEY_UISupportedInterfaceOrientations_iPad = "UIInterfaceOrientationPortrait UIInterfaceOrientationPortraitUpsideDown UIInterfaceOrientationLandscapeLeft UIInterfaceOrientationLandscapeRight";
				INFOPLIST_KEY_UISupportedInterfaceOrientations_iPhone = "UIInterfaceOrientationPortrait UIInterfaceOrientationLandscapeLeft UIInterfaceOrientationLandscapeRight";
				IPHONEOS_DEPLOYMENT_TARGET = 17.6;
				LD_RUNPATH_SEARCH_PATHS = (
					"$(inherited)",
					"@executable_path/Frameworks",
				);
				MARKETING_VERSION = 1.0;
				PRODUCT_BUNDLE_IDENTIFIER = com.zigamajig.DojoDork;
				PRODUCT_NAME = "$(TARGET_NAME)";
				SWIFT_EMIT_LOC_STRINGS = YES;
				SWIFT_VERSION = 5.0;
				TARGETED_DEVICE_FAMILY = "1,2";
			};
			name = Release;
		};
/* End XCBuildConfiguration section */

/* Begin XCConfigurationList section */
		78220FAB2DB4782100473F39 /* Build configuration list for PBXProject "DojoDork" */ = {
			isa = XCConfigurationList;
			buildConfigurations = (
				78220FBC2DB4782200473F39 /* Debug */,
				78220FBD2DB4782200473F39 /* Release */,
			);
			defaultConfigurationIsVisible = 0;
			defaultConfigurationName = Release;
		};
		78220FBE2DB4782200473F39 /* Build configuration list for PBXNativeTarget "DojoDork" */ = {
			isa = XCConfigurationList;
			buildConfigurations = (
				78220FBF2DB4782200473F39 /* Debug */,
				78220FC02DB4782200473F39 /* Release */,
			);
			defaultConfigurationIsVisible = 0;
			defaultConfigurationName = Release;
		};
/* End XCConfigurationList section */

/* Begin XCRemoteSwiftPackageReference section */
		78220FF22DB4807B00473F39 /* XCRemoteSwiftPackageReference "Swinject" */ = {
			isa = XCRemoteSwiftPackageReference;
			repositoryURL = "https://github.com/Swinject/Swinject";
			requirement = {
				kind = upToNextMajorVersion;
				minimumVersion = 2.9.1;
			};
		};
/* End XCRemoteSwiftPackageReference section */

/* Begin XCSwiftPackageProductDependency section */
		78220FF32DB4807B00473F39 /* Swinject */ = {
			isa = XCSwiftPackageProductDependency;
			package = 78220FF22DB4807B00473F39 /* XCRemoteSwiftPackageReference "Swinject" */;
			productName = Swinject;
		};
/* End XCSwiftPackageProductDependency section */
	};
	rootObject = 78220FA82DB4782100473F39 /* Project object */;
}
