// !$*UTF8*$!
{
	archiveVersion = 1;
	classes = {
	};
	objectVersion = 77;
	objects = {

/* Begin PBXBuildFile section */
		78220FC72DB478BE00473F39 /* Preview Assets.xcassets in Resources */ = {isa = PBXBuildFile; fileRef = 78220FC12DB478BE00473F39 /* Preview Assets.xcassets */; };
		78220FC82DB478BE00473F39 /* Assets.xcassets in Resources */ = {isa = PBXBuildFile; fileRef = 78220FC32DB478BE00473F39 /* Assets.xcassets */; };
		78220FCA2DB478BE00473F39 /* DojoDorkApp.swift in Sources */ = {isa = PBXBuildFile; fileRef = 78220FC52DB478BE00473F39 /* DojoDorkApp.swift */; };
		78220FCD2DB4790000473F39 /* Colors.xcassets in Resources */ = {isa = PBXBuildFile; fileRef = 78220FCC2DB4790000473F39 /* Colors.xcassets */; };
		78220FD52DB4798800473F39 /* OPTIBernhardGothic-XHeavy.otf in Resources */ = {isa = PBXBuildFile; fileRef = 78220FD42DB4798800473F39 /* OPTIBernhardGothic-XHeavy.otf */; };
		78220FD92DB47A2800473F39 /* Font+Extensions.swift in Sources */ = {isa = PBXBuildFile; fileRef = 78220FD82DB47A2200473F39 /* Font+Extensions.swift */; };
		78220FDC2DB47B0D00473F39 /* SolidBackground.swift in Sources */ = {isa = PBXBuildFile; fileRef = 78220FDB2DB47B0B00473F39 /* SolidBackground.swift */; };
		78220FE12DB47B5C00473F39 /* DependencyContainer.swift in Sources */ = {isa = PBXBuildFile; fileRef = 78220FE02DB47B5900473F39 /* DependencyContainer.swift */; };
		78220FE32DB47BA900473F39 /* User.swift in Sources */ = {isa = PBXBuildFile; fileRef = 78220FE22DB47BA700473F39 /* User.swift */; };
		78220FE62DB47BBE00473F39 /* Students.swift in Sources */ = {isa = PBXBuildFile; fileRef = 78220FE52DB47BBD00473F39 /* Students.swift */; };
		78220FE92DB47C6E00473F39 /* Program.swift in Sources */ = {isa = PBXBuildFile; fileRef = 78220FE82DB47C6C00473F39 /* Program.swift */; };
		78220FEC2DB47C9100473F39 /* AttendanceLog.swift in Sources */ = {isa = PBXBuildFile; fileRef = 78220FEB2DB47C8D00473F39 /* AttendanceLog.swift */; };
		78220FEF2DB47CB300473F39 /* StudentSummary.swift in Sources */ = {isa = PBXBuildFile; fileRef = 78220FEE2DB47CAA00473F39 /* StudentSummary.swift */; };
		78220FF12DB47CC400473F39 /* DateFormatter+Extensions.swift in Sources */ = {isa = PBXBuildFile; fileRef = 78220FF02DB47CC100473F39 /* DateFormatter+Extensions.swift */; };
		78220FF42DB4807B00473F39 /* Swinject in Frameworks */ = {isa = PBXBuildFile; productRef = 78220FF32DB4807B00473F39 /* Swinject */; };
		78220FF62DB4854F00473F39 /* OverviewReport.swift in Sources */ = {isa = PBXBuildFile; fileRef = 78220FF52DB4854D00473F39 /* OverviewReport.swift */; };
		78220FFB2DB485DF00473F39 /* NetworkServiceProtocol.swift in Sources */ = {isa = PBXBuildFile; fileRef = 78220FFA2DB485DC00473F39 /* NetworkServiceProtocol.swift */; };
		78220FFD2DB4860300473F39 /* NetworkService.swift in Sources */ = {isa = PBXBuildFile; fileRef = 78220FFC2DB4860100473F39 /* NetworkService.swift */; };
		782210012DB4861900473F39 /* CacheServiceProtocol.swift in Sources */ = {isa = PBXBuildFile; fileRef = 782210002DB4861600473F39 /* CacheServiceProtocol.swift */; };
		782210032DB4861D00473F39 /* CacheService.swift in Sources */ = {isa = PBXBuildFile; fileRef = 782210022DB4861C00473F39 /* CacheService.swift */; };
		782210062DB486BB00473F39 /* APIError.swift in Sources */ = {isa = PBXBuildFile; fileRef = 782210052DB486BA00473F39 /* APIError.swift */; };
		7822100A2DB486D400473F39 /* NetworkConstants.swift in Sources */ = {isa = PBXBuildFile; fileRef = 782210092DB486D300473F39 /* NetworkConstants.swift */; };
		7822100C2DB486EA00473F39 /* ResponseStatus.swift in Sources */ = {isa = PBXBuildFile; fileRef = 7822100B2DB486E800473F39 /* ResponseStatus.swift */; };
		782210102DB48BA100473F39 /* JSONParser.swift in Sources */ = {isa = PBXBuildFile; fileRef = 7822100F2DB48B9F00473F39 /* JSONParser.swift */; };
		782210122DB48BD000473F39 /* Notification+Extensions.swift in Sources */ = {isa = PBXBuildFile; fileRef = 782210112DB48BCC00473F39 /* Notification+Extensions.swift */; };
		782210162DB48E6A00473F39 /* UserRepositoryProtocol.swift in Sources */ = {isa = PBXBuildFile; fileRef = 782210152DB48E6700473F39 /* UserRepositoryProtocol.swift */; };
		782210182DB48E7800473F39 /* UserRepository.swift in Sources */ = {isa = PBXBuildFile; fileRef = 782210172DB48E7500473F39 /* UserRepository.swift */; };
		7822101B2DB48F6900473F39 /* ProgramRepositoryProtocol.swift in Sources */ = {isa = PBXBuildFile; fileRef = 7822101A2DB48F6300473F39 /* ProgramRepositoryProtocol.swift */; };
		7822101D2DB48F7B00473F39 /* ProgramRepository.swift in Sources */ = {isa = PBXBuildFile; fileRef = 7822101C2DB48F7700473F39 /* ProgramRepository.swift */; };
		782210202DB490BF00473F39 /* StudentRepositoryProtocol.swift in Sources */ = {isa = PBXBuildFile; fileRef = 7822101F2DB490BA00473F39 /* StudentRepositoryProtocol.swift */; };
		782210222DB490CF00473F39 /* StudentRepository.swift in Sources */ = {isa = PBXBuildFile; fileRef = 782210212DB490CB00473F39 /* StudentRepository.swift */; };
		782210252DB4911300473F39 /* AttendanceRepositoryProtocol.swift in Sources */ = {isa = PBXBuildFile; fileRef = 782210242DB4910E00473F39 /* AttendanceRepositoryProtocol.swift */; };
		782210272DB4912700473F39 /* AttendanceRepository.swift in Sources */ = {isa = PBXBuildFile; fileRef = 782210262DB4912200473F39 /* AttendanceRepository.swift */; };
		7822102A2DB49E6600473F39 /* TextStyles.swift in Sources */ = {isa = PBXBuildFile; fileRef = 782210292DB49E6400473F39 /* TextStyles.swift */; };
		7822102D2DB56F4100473F39 /* RequestCodeView.swift in Sources */ = {isa = PBXBuildFile; fileRef = 7822102C2DB56F4100473F39 /* RequestCodeView.swift */; };
		7822102F2DB56F4900473F39 /* RequestCodeViewModel.swift in Sources */ = {isa = PBXBuildFile; fileRef = 7822102E2DB56F4400473F39 /* RequestCodeViewModel.swift */; };
		782210332DB56F9F00473F39 /* CodeEntryView.swift in Sources */ = {isa = PBXBuildFile; fileRef = 782210322DB56F9F00473F39 /* CodeEntryView.swift */; };
		782210352DB56FA700473F39 /* CodeEntryViewModel.swift in Sources */ = {isa = PBXBuildFile; fileRef = 782210342DB56FA200473F39 /* CodeEntryViewModel.swift */; };
		782210382DB56FFA00473F39 /* CreateAccountVIewModel.swift in Sources */ = {isa = PBXBuildFile; fileRef = 782210372DB56FF700473F39 /* CreateAccountVIewModel.swift */; };
		7822103A2DB5700000473F39 /* CreateAccountView.swift in Sources */ = {isa = PBXBuildFile; fileRef = 782210392DB56FFD00473F39 /* CreateAccountView.swift */; };
		7822103E2DB5705C00473F39 /* MainTabView.swift in Sources */ = {isa = PBXBuildFile; fileRef = 7822103D2DB5705A00473F39 /* MainTabView.swift */; };
		782210402DB5706100473F39 /* MainTabViewModel.swift in Sources */ = {isa = PBXBuildFile; fileRef = 7822103F2DB5705E00473F39 /* MainTabViewModel.swift */; };
		782210432DB5709D00473F39 /* AttendanceView.swift in Sources */ = {isa = PBXBuildFile; fileRef = 782210422DB5709B00473F39 /* AttendanceView.swift */; };
		782210452DB570AA00473F39 /* AttendanceViewModel.swift in Sources */ = {isa = PBXBuildFile; fileRef = 782210442DB570A700473F39 /* AttendanceViewModel.swift */; };
		782210482DB5710900473F39 /* DatePickerView.swift in Sources */ = {isa = PBXBuildFile; fileRef = 782210472DB5710600473F39 /* DatePickerView.swift */; };
		7822104C2DB5713B00473F39 /* RosterView.swift in Sources */ = {isa = PBXBuildFile; fileRef = 7822104B2DB5713900473F39 /* RosterView.swift */; };
		7822104E2DB5714000473F39 /* RoterViewModel.swift in Sources */ = {isa = PBXBuildFile; fileRef = 7822104D2DB5713E00473F39 /* RoterViewModel.swift */; };
		782210512DB5718700473F39 /* ProfileView.swift in Sources */ = {isa = PBXBuildFile; fileRef = 782210502DB5718600473F39 /* ProfileView.swift */; };
		782210532DB5718E00473F39 /* ProfileVIewModel.swift in Sources */ = {isa = PBXBuildFile; fileRef = 782210522DB5718A00473F39 /* ProfileVIewModel.swift */; };
		782210572DB571F000473F39 /* EditEntityView.swift in Sources */ = {isa = PBXBuildFile; fileRef = 782210562DB571DA00473F39 /* EditEntityView.swift */; };
		7822105A2DB5720F00473F39 /* LoadingView.swift in Sources */ = {isa = PBXBuildFile; fileRef = 782210592DB5720D00473F39 /* LoadingView.swift */; };
		7822105E2DB5723F00473F39 /* Separator.swift in Sources */ = {isa = PBXBuildFile; fileRef = 7822105D2DB5723C00473F39 /* Separator.swift */; };
		782210632DB5732200473F39 /* AppField.swift in Sources */ = {isa = PBXBuildFile; fileRef = 782210622DB5731F00473F39 /* AppField.swift */; };
		782210662DB5761B00473F39 /* ActionButton.swift in Sources */ = {isa = PBXBuildFile; fileRef = 782210652DB5761700473F39 /* ActionButton.swift */; };
		782210682DB5784A00473F39 /* LinkButton.swift in Sources */ = {isa = PBXBuildFile; fileRef = 782210672DB5784A00473F39 /* LinkButton.swift */; };
		7822106B2DB5869800473F39 /* SwiftfulLoadingIndicators in Frameworks */ = {isa = PBXBuildFile; productRef = 7822106A2DB5869800473F39 /* SwiftfulLoadingIndicators */; };
		7822106D2DB5928800473F39 /* NavigationBarModifier.swift in Sources */ = {isa = PBXBuildFile; fileRef = 7822106C2DB5928600473F39 /* NavigationBarModifier.swift */; };
		7822106F2DB5936900473F39 /* Image+Extensions.swift in Sources */ = {isa = PBXBuildFile; fileRef = 7822106E2DB5936600473F39 /* Image+Extensions.swift */; };
		78767C9B2DB5A1850075BA38 /* AppState.swift in Sources */ = {isa = PBXBuildFile; fileRef = 78767C9A2DB5A1820075BA38 /* AppState.swift */; };
/* End PBXBuildFile section */

/* Begin PBXFileReference section */
		78220FB02DB4782100473F39 /* DojoDork.app */ = {isa = PBXFileReference; explicitFileType = wrapper.application; includeInIndex = 0; path = DojoDork.app; sourceTree = BUILT_PRODUCTS_DIR; };
		78220FC12DB478BE00473F39 /* Preview Assets.xcassets */ = {isa = PBXFileReference; lastKnownFileType = folder.assetcatalog; path = "Preview Assets.xcassets"; sourceTree = "<group>"; };
		78220FC32DB478BE00473F39 /* Assets.xcassets */ = {isa = PBXFileReference; lastKnownFileType = folder.assetcatalog; path = Assets.xcassets; sourceTree = "<group>"; };
		78220FC52DB478BE00473F39 /* DojoDorkApp.swift */ = {isa = PBXFileReference; lastKnownFileType = sourcecode.swift; path = DojoDorkApp.swift; sourceTree = "<group>"; };
		78220FCC2DB4790000473F39 /* Colors.xcassets */ = {isa = PBXFileReference; lastKnownFileType = folder.assetcatalog; path = Colors.xcassets; sourceTree = "<group>"; };
		78220FD42DB4798800473F39 /* OPTIBernhardGothic-XHeavy.otf */ = {isa = PBXFileReference; lastKnownFileType = file; path = "OPTIBernhardGothic-XHeavy.otf"; sourceTree = "<group>"; };
		78220FD62DB47A0600473F39 /* Info.plist */ = {isa = PBXFileReference; lastKnownFileType = text.plist.xml; path = Info.plist; sourceTree = "<group>"; };
		78220FD82DB47A2200473F39 /* Font+Extensions.swift */ = {isa = PBXFileReference; lastKnownFileType = sourcecode.swift; path = "Font+Extensions.swift"; sourceTree = "<group>"; };
		78220FDB2DB47B0B00473F39 /* SolidBackground.swift */ = {isa = PBXFileReference; lastKnownFileType = sourcecode.swift; path = SolidBackground.swift; sourceTree = "<group>"; };
		78220FE02DB47B5900473F39 /* DependencyContainer.swift */ = {isa = PBXFileReference; lastKnownFileType = sourcecode.swift; path = DependencyContainer.swift; sourceTree = "<group>"; };
		78220FE22DB47BA700473F39 /* User.swift */ = {isa = PBXFileReference; lastKnownFileType = sourcecode.swift; path = User.swift; sourceTree = "<group>"; };
		78220FE52DB47BBD00473F39 /* Students.swift */ = {isa = PBXFileReference; lastKnownFileType = sourcecode.swift; path = Students.swift; sourceTree = "<group>"; };
		78220FE82DB47C6C00473F39 /* Program.swift */ = {isa = PBXFileReference; lastKnownFileType = sourcecode.swift; path = Program.swift; sourceTree = "<group>"; };
		78220FEB2DB47C8D00473F39 /* AttendanceLog.swift */ = {isa = PBXFileReference; lastKnownFileType = sourcecode.swift; path = AttendanceLog.swift; sourceTree = "<group>"; };
		78220FEE2DB47CAA00473F39 /* StudentSummary.swift */ = {isa = PBXFileReference; lastKnownFileType = sourcecode.swift; path = StudentSummary.swift; sourceTree = "<group>"; };
		78220FF02DB47CC100473F39 /* DateFormatter+Extensions.swift */ = {isa = PBXFileReference; lastKnownFileType = sourcecode.swift; path = "DateFormatter+Extensions.swift"; sourceTree = "<group>"; };
		78220FF52DB4854D00473F39 /* OverviewReport.swift */ = {isa = PBXFileReference; lastKnownFileType = sourcecode.swift; path = OverviewReport.swift; sourceTree = "<group>"; };
		78220FFA2DB485DC00473F39 /* NetworkServiceProtocol.swift */ = {isa = PBXFileReference; lastKnownFileType = sourcecode.swift; path = NetworkServiceProtocol.swift; sourceTree = "<group>"; };
		78220FFC2DB4860100473F39 /* NetworkService.swift */ = {isa = PBXFileReference; lastKnownFileType = sourcecode.swift; path = NetworkService.swift; sourceTree = "<group>"; };
		782210002DB4861600473F39 /* CacheServiceProtocol.swift */ = {isa = PBXFileReference; lastKnownFileType = sourcecode.swift; path = CacheServiceProtocol.swift; sourceTree = "<group>"; };
		782210022DB4861C00473F39 /* CacheService.swift */ = {isa = PBXFileReference; lastKnownFileType = sourcecode.swift; path = CacheService.swift; sourceTree = "<group>"; };
		782210052DB486BA00473F39 /* APIError.swift */ = {isa = PBXFileReference; lastKnownFileType = sourcecode.swift; path = APIError.swift; sourceTree = "<group>"; };
		782210092DB486D300473F39 /* NetworkConstants.swift */ = {isa = PBXFileReference; lastKnownFileType = sourcecode.swift; path = NetworkConstants.swift; sourceTree = "<group>"; };
		7822100B2DB486E800473F39 /* ResponseStatus.swift */ = {isa = PBXFileReference; lastKnownFileType = sourcecode.swift; path = ResponseStatus.swift; sourceTree = "<group>"; };
		7822100F2DB48B9F00473F39 /* JSONParser.swift */ = {isa = PBXFileReference; lastKnownFileType = sourcecode.swift; path = JSONParser.swift; sourceTree = "<group>"; };
		782210112DB48BCC00473F39 /* Notification+Extensions.swift */ = {isa = PBXFileReference; lastKnownFileType = sourcecode.swift; path = "Notification+Extensions.swift"; sourceTree = "<group>"; };
		782210152DB48E6700473F39 /* UserRepositoryProtocol.swift */ = {isa = PBXFileReference; lastKnownFileType = sourcecode.swift; path = UserRepositoryProtocol.swift; sourceTree = "<group>"; };
		782210172DB48E7500473F39 /* UserRepository.swift */ = {isa = PBXFileReference; lastKnownFileType = sourcecode.swift; path = UserRepository.swift; sourceTree = "<group>"; };
		7822101A2DB48F6300473F39 /* ProgramRepositoryProtocol.swift */ = {isa = PBXFileReference; lastKnownFileType = sourcecode.swift; path = ProgramRepositoryProtocol.swift; sourceTree = "<group>"; };
		7822101C2DB48F7700473F39 /* ProgramRepository.swift */ = {isa = PBXFileReference; lastKnownFileType = sourcecode.swift; path = ProgramRepository.swift; sourceTree = "<group>"; };
		7822101F2DB490BA00473F39 /* StudentRepositoryProtocol.swift */ = {isa = PBXFileReference; lastKnownFileType = sourcecode.swift; path = StudentRepositoryProtocol.swift; sourceTree = "<group>"; };
		782210212DB490CB00473F39 /* StudentRepository.swift */ = {isa = PBXFileReference; lastKnownFileType = sourcecode.swift; path = StudentRepository.swift; sourceTree = "<group>"; };
		782210242DB4910E00473F39 /* AttendanceRepositoryProtocol.swift */ = {isa = PBXFileReference; lastKnownFileType = sourcecode.swift; path = AttendanceRepositoryProtocol.swift; sourceTree = "<group>"; };
		782210262DB4912200473F39 /* AttendanceRepository.swift */ = {isa = PBXFileReference; lastKnownFileType = sourcecode.swift; path = AttendanceRepository.swift; sourceTree = "<group>"; };
		782210292DB49E6400473F39 /* TextStyles.swift */ = {isa = PBXFileReference; lastKnownFileType = sourcecode.swift; path = TextStyles.swift; sourceTree = "<group>"; };
		7822102C2DB56F4100473F39 /* RequestCodeView.swift */ = {isa = PBXFileReference; lastKnownFileType = sourcecode.swift; path = RequestCodeView.swift; sourceTree = "<group>"; };
		7822102E2DB56F4400473F39 /* RequestCodeViewModel.swift */ = {isa = PBXFileReference; lastKnownFileType = sourcecode.swift; path = RequestCodeViewModel.swift; sourceTree = "<group>"; };
		782210322DB56F9F00473F39 /* CodeEntryView.swift */ = {isa = PBXFileReference; lastKnownFileType = sourcecode.swift; path = CodeEntryView.swift; sourceTree = "<group>"; };
		782210342DB56FA200473F39 /* CodeEntryViewModel.swift */ = {isa = PBXFileReference; lastKnownFileType = sourcecode.swift; path = CodeEntryViewModel.swift; sourceTree = "<group>"; };
		782210372DB56FF700473F39 /* CreateAccountVIewModel.swift */ = {isa = PBXFileReference; lastKnownFileType = sourcecode.swift; path = CreateAccountVIewModel.swift; sourceTree = "<group>"; };
		782210392DB56FFD00473F39 /* CreateAccountView.swift */ = {isa = PBXFileReference; lastKnownFileType = sourcecode.swift; path = CreateAccountView.swift; sourceTree = "<group>"; };
		7822103D2DB5705A00473F39 /* MainTabView.swift */ = {isa = PBXFileReference; lastKnownFileType = sourcecode.swift; path = MainTabView.swift; sourceTree = "<group>"; };
		7822103F2DB5705E00473F39 /* MainTabViewModel.swift */ = {isa = PBXFileReference; lastKnownFileType = sourcecode.swift; path = MainTabViewModel.swift; sourceTree = "<group>"; };
		782210422DB5709B00473F39 /* AttendanceView.swift */ = {isa = PBXFileReference; lastKnownFileType = sourcecode.swift; path = AttendanceView.swift; sourceTree = "<group>"; };
		782210442DB570A700473F39 /* AttendanceViewModel.swift */ = {isa = PBXFileReference; lastKnownFileType = sourcecode.swift; path = AttendanceViewModel.swift; sourceTree = "<group>"; };
		782210472DB5710600473F39 /* DatePickerView.swift */ = {isa = PBXFileReference; lastKnownFileType = sourcecode.swift; path = DatePickerView.swift; sourceTree = "<group>"; };
		7822104B2DB5713900473F39 /* RosterView.swift */ = {isa = PBXFileReference; lastKnownFileType = sourcecode.swift; path = RosterView.swift; sourceTree = "<group>"; };
		7822104D2DB5713E00473F39 /* RoterViewModel.swift */ = {isa = PBXFileReference; lastKnownFileType = sourcecode.swift; path = RoterViewModel.swift; sourceTree = "<group>"; };
		782210502DB5718600473F39 /* ProfileView.swift */ = {isa = PBXFileReference; lastKnownFileType = sourcecode.swift; path = ProfileView.swift; sourceTree = "<group>"; };
		782210522DB5718A00473F39 /* ProfileVIewModel.swift */ = {isa = PBXFileReference; lastKnownFileType = sourcecode.swift; path = ProfileVIewModel.swift; sourceTree = "<group>"; };
		782210562DB571DA00473F39 /* EditEntityView.swift */ = {isa = PBXFileReference; lastKnownFileType = sourcecode.swift; path = EditEntityView.swift; sourceTree = "<group>"; };
		782210592DB5720D00473F39 /* LoadingView.swift */ = {isa = PBXFileReference; lastKnownFileType = sourcecode.swift; path = LoadingView.swift; sourceTree = "<group>"; };
		7822105D2DB5723C00473F39 /* Separator.swift */ = {isa = PBXFileReference; lastKnownFileType = sourcecode.swift; path = Separator.swift; sourceTree = "<group>"; };
		782210622DB5731F00473F39 /* AppField.swift */ = {isa = PBXFileReference; lastKnownFileType = sourcecode.swift; path = AppField.swift; sourceTree = "<group>"; };
		782210652DB5761700473F39 /* ActionButton.swift */ = {isa = PBXFileReference; lastKnownFileType = sourcecode.swift; path = ActionButton.swift; sourceTree = "<group>"; };
		782210672DB5784A00473F39 /* LinkButton.swift */ = {isa = PBXFileReference; lastKnownFileType = sourcecode.swift; path = LinkButton.swift; sourceTree = "<group>"; };
		7822106C2DB5928600473F39 /* NavigationBarModifier.swift */ = {isa = PBXFileReference; lastKnownFileType = sourcecode.swift; path = NavigationBarModifier.swift; sourceTree = "<group>"; };
		7822106E2DB5936600473F39 /* Image+Extensions.swift */ = {isa = PBXFileReference; lastKnownFileType = sourcecode.swift; path = "Image+Extensions.swift"; sourceTree = "<group>"; };
		78767C9A2DB5A1820075BA38 /* AppState.swift */ = {isa = PBXFileReference; lastKnownFileType = sourcecode.swift; path = AppState.swift; sourceTree = "<group>"; };
/* End PBXFileReference section */

/* Begin PBXFrameworksBuildPhase section */
		78220FAD2DB4782100473F39 /* Frameworks */ = {
			isa = PBXFrameworksBuildPhase;
			buildActionMask = 2147483647;
			files = (
				78220FF42DB4807B00473F39 /* Swinject in Frameworks */,
				7822106B2DB5869800473F39 /* SwiftfulLoadingIndicators in Frameworks */,
			);
			runOnlyForDeploymentPostprocessing = 0;
		};
/* End PBXFrameworksBuildPhase section */

/* Begin PBXGroup section */
		78220FA72DB4782100473F39 = {
			isa = PBXGroup;
			children = (
				78220FC62DB478BE00473F39 /* DojoDork */,
				78220FB12DB4782100473F39 /* Products */,
			);
			sourceTree = "<group>";
		};
		78220FB12DB4782100473F39 /* Products */ = {
			isa = PBXGroup;
			children = (
				78220FB02DB4782100473F39 /* DojoDork.app */,
			);
			name = Products;
			sourceTree = "<group>";
		};
		78220FC22DB478BE00473F39 /* Preview Content */ = {
			isa = PBXGroup;
			children = (
				78220FC12DB478BE00473F39 /* Preview Assets.xcassets */,
			);
			path = "Preview Content";
			sourceTree = "<group>";
		};
		78220FC62DB478BE00473F39 /* DojoDork */ = {
			isa = PBXGroup;
			children = (
				78220FCF2DB4791E00473F39 /* App */,
				78220FD02DB4792900473F39 /* Domain */,
				78220FD12DB4792D00473F39 /* Presentation */,
				78220FD22DB4795800473F39 /* Components */,
				782210282DB49E5A00473F39 /* Modifiers */,
				78220FD32DB4795D00473F39 /* Utilities */,
				78220FCB2DB478C100473F39 /* Resources */,
				78220FD62DB47A0600473F39 /* Info.plist */,
			);
			path = DojoDork;
			sourceTree = "<group>";
		};
		78220FCB2DB478C100473F39 /* Resources */ = {
			isa = PBXGroup;
			children = (
				78220FC32DB478BE00473F39 /* Assets.xcassets */,
				78220FCC2DB4790000473F39 /* Colors.xcassets */,
				78220FCE2DB4790400473F39 /* Fonts */,
				78220FC22DB478BE00473F39 /* Preview Content */,
			);
			path = Resources;
			sourceTree = "<group>";
		};
		78220FCE2DB4790400473F39 /* Fonts */ = {
			isa = PBXGroup;
			children = (
				78220FD42DB4798800473F39 /* OPTIBernhardGothic-XHeavy.otf */,
			);
			path = Fonts;
			sourceTree = "<group>";
		};
		78220FCF2DB4791E00473F39 /* App */ = {
			isa = PBXGroup;
			children = (
				78767C9A2DB5A1820075BA38 /* AppState.swift */,
				78220FC52DB478BE00473F39 /* DojoDorkApp.swift */,
			);
			path = App;
			sourceTree = "<group>";
		};
		78220FD02DB4792900473F39 /* Domain */ = {
			isa = PBXGroup;
			children = (
				78220FDD2DB47B3E00473F39 /* Models */,
				782210132DB48E5500473F39 /* Repositories */,
				78220FF92DB485D700473F39 /* Services */,
			);
			path = Domain;
			sourceTree = "<group>";
		};
		78220FD12DB4792D00473F39 /* Presentation */ = {
			isa = PBXGroup;
			children = (
				7822102B2DB56F1E00473F39 /* Auth */,
				7822103B2DB5704800473F39 /* Main */,
				7822105F2DB5725B00473F39 /* Common */,
			);
			path = Presentation;
			sourceTree = "<group>";
		};
		78220FD22DB4795800473F39 /* Components */ = {
			isa = PBXGroup;
			children = (
				782210642DB5760600473F39 /* Buttons */,
				78220FDA2DB47B0500473F39 /* Containers */,
				7822105C2DB5723200473F39 /* Decoration */,
				782210602DB5727B00473F39 /* Input */,
			);
			path = Components;
			sourceTree = "<group>";
		};
		78220FD32DB4795D00473F39 /* Utilities */ = {
			isa = PBXGroup;
			children = (
				78220FD72DB47A1B00473F39 /* Extensions */,
				78220FDF2DB47B5300473F39 /* Managers */,
			);
			path = Utilities;
			sourceTree = "<group>";
		};
		78220FD72DB47A1B00473F39 /* Extensions */ = {
			isa = PBXGroup;
			children = (
				78220FF02DB47CC100473F39 /* DateFormatter+Extensions.swift */,
				78220FD82DB47A2200473F39 /* Font+Extensions.swift */,
				7822106E2DB5936600473F39 /* Image+Extensions.swift */,
				782210112DB48BCC00473F39 /* Notification+Extensions.swift */,
			);
			path = Extensions;
			sourceTree = "<group>";
		};
		78220FDA2DB47B0500473F39 /* Containers */ = {
			isa = PBXGroup;
			children = (
				78220FDB2DB47B0B00473F39 /* SolidBackground.swift */,
			);
			path = Containers;
			sourceTree = "<group>";
		};
		78220FDD2DB47B3E00473F39 /* Models */ = {
			isa = PBXGroup;
			children = (
				78220FEA2DB47C8700473F39 /* Attendance */,
				78220FE72DB47C6700473F39 /* Programs */,
				78220FED2DB47CA200473F39 /* Reports */,
				78220FE42DB47BAF00473F39 /* Students */,
				78220FDE2DB47B4200473F39 /* Users */,
			);
			path = Models;
			sourceTree = "<group>";
		};
		78220FDE2DB47B4200473F39 /* Users */ = {
			isa = PBXGroup;
			children = (
				78220FE22DB47BA700473F39 /* User.swift */,
			);
			path = Users;
			sourceTree = "<group>";
		};
		78220FDF2DB47B5300473F39 /* Managers */ = {
			isa = PBXGroup;
			children = (
				78220FE02DB47B5900473F39 /* DependencyContainer.swift */,
			);
			path = Managers;
			sourceTree = "<group>";
		};
		78220FE42DB47BAF00473F39 /* Students */ = {
			isa = PBXGroup;
			children = (
				78220FE52DB47BBD00473F39 /* Students.swift */,
			);
			path = Students;
			sourceTree = "<group>";
		};
		78220FE72DB47C6700473F39 /* Programs */ = {
			isa = PBXGroup;
			children = (
				78220FE82DB47C6C00473F39 /* Program.swift */,
			);
			path = Programs;
			sourceTree = "<group>";
		};
		78220FEA2DB47C8700473F39 /* Attendance */ = {
			isa = PBXGroup;
			children = (
				78220FEB2DB47C8D00473F39 /* AttendanceLog.swift */,
			);
			path = Attendance;
			sourceTree = "<group>";
		};
		78220FED2DB47CA200473F39 /* Reports */ = {
			isa = PBXGroup;
			children = (
				78220FF52DB4854D00473F39 /* OverviewReport.swift */,
				78220FEE2DB47CAA00473F39 /* StudentSummary.swift */,
			);
			path = Reports;
			sourceTree = "<group>";
		};
		78220FF92DB485D700473F39 /* Services */ = {
			isa = PBXGroup;
			children = (
				78220FFF2DB4861100473F39 /* Cache */,
				78220FFE2DB4860A00473F39 /* Network */,
			);
			path = Services;
			sourceTree = "<group>";
		};
		78220FFE2DB4860A00473F39 /* Network */ = {
			isa = PBXGroup;
			children = (
				782210042DB486B000473F39 /* NetworkComponents */,
				78220FFA2DB485DC00473F39 /* NetworkServiceProtocol.swift */,
				78220FFC2DB4860100473F39 /* NetworkService.swift */,
			);
			path = Network;
			sourceTree = "<group>";
		};
		78220FFF2DB4861100473F39 /* Cache */ = {
			isa = PBXGroup;
			children = (
				782210002DB4861600473F39 /* CacheServiceProtocol.swift */,
				782210022DB4861C00473F39 /* CacheService.swift */,
			);
			path = Cache;
			sourceTree = "<group>";
		};
		782210042DB486B000473F39 /* NetworkComponents */ = {
			isa = PBXGroup;
			children = (
				7822100F2DB48B9F00473F39 /* JSONParser.swift */,
				7822100B2DB486E800473F39 /* ResponseStatus.swift */,
				782210092DB486D300473F39 /* NetworkConstants.swift */,
				782210052DB486BA00473F39 /* APIError.swift */,
			);
			path = NetworkComponents;
			sourceTree = "<group>";
		};
		782210132DB48E5500473F39 /* Repositories */ = {
			isa = PBXGroup;
			children = (
				782210232DB4910900473F39 /* Attendance */,
				782210192DB48F5B00473F39 /* Program */,
				7822101E2DB490B400473F39 /* Student */,
				782210142DB48E5D00473F39 /* User */,
			);
			path = Repositories;
			sourceTree = "<group>";
		};
		782210142DB48E5D00473F39 /* User */ = {
			isa = PBXGroup;
			children = (
				782210152DB48E6700473F39 /* UserRepositoryProtocol.swift */,
				782210172DB48E7500473F39 /* UserRepository.swift */,
			);
			path = User;
			sourceTree = "<group>";
		};
		782210192DB48F5B00473F39 /* Program */ = {
			isa = PBXGroup;
			children = (
				7822101A2DB48F6300473F39 /* ProgramRepositoryProtocol.swift */,
				7822101C2DB48F7700473F39 /* ProgramRepository.swift */,
			);
			path = Program;
			sourceTree = "<group>";
		};
		7822101E2DB490B400473F39 /* Student */ = {
			isa = PBXGroup;
			children = (
				7822101F2DB490BA00473F39 /* StudentRepositoryProtocol.swift */,
				782210212DB490CB00473F39 /* StudentRepository.swift */,
			);
			path = Student;
			sourceTree = "<group>";
		};
		782210232DB4910900473F39 /* Attendance */ = {
			isa = PBXGroup;
			children = (
				782210242DB4910E00473F39 /* AttendanceRepositoryProtocol.swift */,
				782210262DB4912200473F39 /* AttendanceRepository.swift */,
			);
			path = Attendance;
			sourceTree = "<group>";
		};
		782210282DB49E5A00473F39 /* Modifiers */ = {
			isa = PBXGroup;
			children = (
				7822106C2DB5928600473F39 /* NavigationBarModifier.swift */,
				782210292DB49E6400473F39 /* TextStyles.swift */,
			);
			path = Modifiers;
			sourceTree = "<group>";
		};
		7822102B2DB56F1E00473F39 /* Auth */ = {
			isa = PBXGroup;
			children = (
				782210362DB56FEB00473F39 /* CreateAccount */,
				782210302DB56F8800473F39 /* RequestCode */,
				782210312DB56F9100473F39 /* CodeEntry */,
			);
			path = Auth;
			sourceTree = "<group>";
		};
		782210302DB56F8800473F39 /* RequestCode */ = {
			isa = PBXGroup;
			children = (
				7822102C2DB56F4100473F39 /* RequestCodeView.swift */,
				7822102E2DB56F4400473F39 /* RequestCodeViewModel.swift */,
			);
			path = RequestCode;
			sourceTree = "<group>";
		};
		782210312DB56F9100473F39 /* CodeEntry */ = {
			isa = PBXGroup;
			children = (
				782210322DB56F9F00473F39 /* CodeEntryView.swift */,
				782210342DB56FA200473F39 /* CodeEntryViewModel.swift */,
			);
			path = CodeEntry;
			sourceTree = "<group>";
		};
		782210362DB56FEB00473F39 /* CreateAccount */ = {
			isa = PBXGroup;
			children = (
				782210392DB56FFD00473F39 /* CreateAccountView.swift */,
				782210372DB56FF700473F39 /* CreateAccountVIewModel.swift */,
			);
			path = CreateAccount;
			sourceTree = "<group>";
		};
		7822103B2DB5704800473F39 /* Main */ = {
			isa = PBXGroup;
			children = (
				7822103C2DB5705500473F39 /* MainTab */,
				782210412DB5708D00473F39 /* Attendance */,
				782210492DB5712400473F39 /* Roster */,
				7822104F2DB5717E00473F39 /* Profile */,
			);
			path = Main;
			sourceTree = "<group>";
		};
		7822103C2DB5705500473F39 /* MainTab */ = {
			isa = PBXGroup;
			children = (
				7822103D2DB5705A00473F39 /* MainTabView.swift */,
				7822103F2DB5705E00473F39 /* MainTabViewModel.swift */,
			);
			path = MainTab;
			sourceTree = "<group>";
		};
		782210412DB5708D00473F39 /* Attendance */ = {
			isa = PBXGroup;
			children = (
				782210422DB5709B00473F39 /* AttendanceView.swift */,
				782210442DB570A700473F39 /* AttendanceViewModel.swift */,
			);
			path = Attendance;
			sourceTree = "<group>";
		};
		782210492DB5712400473F39 /* Roster */ = {
			isa = PBXGroup;
			children = (
				7822104B2DB5713900473F39 /* RosterView.swift */,
				7822104D2DB5713E00473F39 /* RoterViewModel.swift */,
			);
			path = Roster;
			sourceTree = "<group>";
		};
		7822104F2DB5717E00473F39 /* Profile */ = {
			isa = PBXGroup;
			children = (
				782210502DB5718600473F39 /* ProfileView.swift */,
				782210522DB5718A00473F39 /* ProfileVIewModel.swift */,
			);
			path = Profile;
			sourceTree = "<group>";
		};
		7822105C2DB5723200473F39 /* Decoration */ = {
			isa = PBXGroup;
			children = (
				7822105D2DB5723C00473F39 /* Separator.swift */,
			);
			path = Decoration;
			sourceTree = "<group>";
		};
		7822105F2DB5725B00473F39 /* Common */ = {
			isa = PBXGroup;
			children = (
				782210472DB5710600473F39 /* DatePickerView.swift */,
				782210562DB571DA00473F39 /* EditEntityView.swift */,
				782210592DB5720D00473F39 /* LoadingView.swift */,
			);
			path = Common;
			sourceTree = "<group>";
		};
		782210602DB5727B00473F39 /* Input */ = {
			isa = PBXGroup;
			children = (
				782210622DB5731F00473F39 /* AppField.swift */,
			);
			path = Input;
			sourceTree = "<group>";
		};
		782210642DB5760600473F39 /* Buttons */ = {
			isa = PBXGroup;
			children = (
				782210652DB5761700473F39 /* ActionButton.swift */,
				782210672DB5784A00473F39 /* LinkButton.swift */,
			);
			path = Buttons;
			sourceTree = "<group>";
		};
/* End PBXGroup section */

/* Begin PBXNativeTarget section */
		78220FAF2DB4782100473F39 /* DojoDork */ = {
			isa = PBXNativeTarget;
			buildConfigurationList = 78220FBE2DB4782200473F39 /* Build configuration list for PBXNativeTarget "DojoDork" */;
			buildPhases = (
				78220FAC2DB4782100473F39 /* Sources */,
				78220FAD2DB4782100473F39 /* Frameworks */,
				78220FAE2DB4782100473F39 /* Resources */,
			);
			buildRules = (
			);
			dependencies = (
			);
			name = DojoDork;
			packageProductDependencies = (
				78220FF32DB4807B00473F39 /* Swinject */,
				7822106A2DB5869800473F39 /* SwiftfulLoadingIndicators */,
			);
			productName = DojoDork;
			productReference = 78220FB02DB4782100473F39 /* DojoDork.app */;
			productType = "com.apple.product-type.application";
		};
/* End PBXNativeTarget section */

/* Begin PBXProject section */
		78220FA82DB4782100473F39 /* Project object */ = {
			isa = PBXProject;
			attributes = {
				BuildIndependentTargetsInParallel = 1;
				LastSwiftUpdateCheck = 1620;
				LastUpgradeCheck = 1620;
				TargetAttributes = {
					78220FAF2DB4782100473F39 = {
						CreatedOnToolsVersion = 16.2;
					};
				};
			};
			buildConfigurationList = 78220FAB2DB4782100473F39 /* Build configuration list for PBXProject "DojoDork" */;
			developmentRegion = en;
			hasScannedForEncodings = 0;
			knownRegions = (
				en,
				Base,
			);
			mainGroup = 78220FA72DB4782100473F39;
			minimizedProjectReferenceProxies = 1;
			packageReferences = (
				78220FF22DB4807B00473F39 /* XCRemoteSwiftPackageReference "Swinject" */,
				782210692DB5869800473F39 /* XCRemoteSwiftPackageReference "SwiftfulLoadingIndicators" */,
			);
			preferredProjectObjectVersion = 77;
			productRefGroup = 78220FB12DB4782100473F39 /* Products */;
			projectDirPath = "";
			projectRoot = "";
			targets = (
				78220FAF2DB4782100473F39 /* DojoDork */,
			);
		};
/* End PBXProject section */

/* Begin PBXResourcesBuildPhase section */
		78220FAE2DB4782100473F39 /* Resources */ = {
			isa = PBXResourcesBuildPhase;
			buildActionMask = 2147483647;
			files = (
				78220FCD2DB4790000473F39 /* Colors.xcassets in Resources */,
				78220FC72DB478BE00473F39 /* Preview Assets.xcassets in Resources */,
				78220FD52DB4798800473F39 /* OPTIBernhardGothic-XHeavy.otf in Resources */,
				78220FC82DB478BE00473F39 /* Assets.xcassets in Resources */,
			);
			runOnlyForDeploymentPostprocessing = 0;
		};
/* End PBXResourcesBuildPhase section */

/* Begin PBXSourcesBuildPhase section */
		78220FAC2DB4782100473F39 /* Sources */ = {
			isa = PBXSourcesBuildPhase;
			buildActionMask = 2147483647;
			files = (
				782210162DB48E6A00473F39 /* UserRepositoryProtocol.swift in Sources */,
				7822100A2DB486D400473F39 /* NetworkConstants.swift in Sources */,
				78220FE92DB47C6E00473F39 /* Program.swift in Sources */,
				78220FD92DB47A2800473F39 /* Font+Extensions.swift in Sources */,
				782210032DB4861D00473F39 /* CacheService.swift in Sources */,
				7822102F2DB56F4900473F39 /* RequestCodeViewModel.swift in Sources */,
				782210202DB490BF00473F39 /* StudentRepositoryProtocol.swift in Sources */,
				782210452DB570AA00473F39 /* AttendanceViewModel.swift in Sources */,
				782210062DB486BB00473F39 /* APIError.swift in Sources */,
				78220FF62DB4854F00473F39 /* OverviewReport.swift in Sources */,
				782210572DB571F000473F39 /* EditEntityView.swift in Sources */,
				7822101D2DB48F7B00473F39 /* ProgramRepository.swift in Sources */,
				782210102DB48BA100473F39 /* JSONParser.swift in Sources */,
				78220FE12DB47B5C00473F39 /* DependencyContainer.swift in Sources */,
				7822105E2DB5723F00473F39 /* Separator.swift in Sources */,
				782210222DB490CF00473F39 /* StudentRepository.swift in Sources */,
				782210432DB5709D00473F39 /* AttendanceView.swift in Sources */,
				7822106D2DB5928800473F39 /* NavigationBarModifier.swift in Sources */,
				7822102A2DB49E6600473F39 /* TextStyles.swift in Sources */,
				7822106F2DB5936900473F39 /* Image+Extensions.swift in Sources */,
				782210482DB5710900473F39 /* DatePickerView.swift in Sources */,
				78220FE32DB47BA900473F39 /* User.swift in Sources */,
				782210332DB56F9F00473F39 /* CodeEntryView.swift in Sources */,
				7822103E2DB5705C00473F39 /* MainTabView.swift in Sources */,
				782210512DB5718700473F39 /* ProfileView.swift in Sources */,
				782210012DB4861900473F39 /* CacheServiceProtocol.swift in Sources */,
				782210382DB56FFA00473F39 /* CreateAccountVIewModel.swift in Sources */,
				78767C9B2DB5A1850075BA38 /* AppState.swift in Sources */,
				782210252DB4911300473F39 /* AttendanceRepositoryProtocol.swift in Sources */,
				782210352DB56FA700473F39 /* CodeEntryViewModel.swift in Sources */,
				7822102D2DB56F4100473F39 /* RequestCodeView.swift in Sources */,
				782210122DB48BD000473F39 /* Notification+Extensions.swift in Sources */,
				782210402DB5706100473F39 /* MainTabViewModel.swift in Sources */,
				782210632DB5732200473F39 /* AppField.swift in Sources */,
				782210532DB5718E00473F39 /* ProfileVIewModel.swift in Sources */,
				78220FE62DB47BBE00473F39 /* Students.swift in Sources */,
				782210182DB48E7800473F39 /* UserRepository.swift in Sources */,
				78220FFD2DB4860300473F39 /* NetworkService.swift in Sources */,
				78220FEC2DB47C9100473F39 /* AttendanceLog.swift in Sources */,
				78220FCA2DB478BE00473F39 /* DojoDorkApp.swift in Sources */,
				7822100C2DB486EA00473F39 /* ResponseStatus.swift in Sources */,
				78220FEF2DB47CB300473F39 /* StudentSummary.swift in Sources */,
				7822104E2DB5714000473F39 /* RoterViewModel.swift in Sources */,
				7822103A2DB5700000473F39 /* CreateAccountView.swift in Sources */,
				7822101B2DB48F6900473F39 /* ProgramRepositoryProtocol.swift in Sources */,
				78220FF12DB47CC400473F39 /* DateFormatter+Extensions.swift in Sources */,
				78220FFB2DB485DF00473F39 /* NetworkServiceProtocol.swift in Sources */,
				7822104C2DB5713B00473F39 /* RosterView.swift in Sources */,
				78220FDC2DB47B0D00473F39 /* SolidBackground.swift in Sources */,
				782210272DB4912700473F39 /* AttendanceRepository.swift in Sources */,
				7822105A2DB5720F00473F39 /* LoadingView.swift in Sources */,
				782210662DB5761B00473F39 /* ActionButton.swift in Sources */,
				782210682DB5784A00473F39 /* LinkButton.swift in Sources */,
			);
			runOnlyForDeploymentPostprocessing = 0;
		};
/* End PBXSourcesBuildPhase section */

/* Begin XCBuildConfiguration section */
		78220FBC2DB4782200473F39 /* Debug */ = {
			isa = XCBuildConfiguration;
			buildSettings = {
				ALWAYS_SEARCH_USER_PATHS = NO;
				ASSETCATALOG_COMPILER_GENERATE_SWIFT_ASSET_SYMBOL_EXTENSIONS = YES;
				CLANG_ANALYZER_NONNULL = YES;
				CLANG_ANALYZER_NUMBER_OBJECT_CONVERSION = YES_AGGRESSIVE;
				CLANG_CXX_LANGUAGE_STANDARD = "gnu++20";
				CLANG_ENABLE_MODULES = YES;
				CLANG_ENABLE_OBJC_ARC = YES;
				CLANG_ENABLE_OBJC_WEAK = YES;
				CLANG_WARN_BLOCK_CAPTURE_AUTORELEASING = YES;
				CLANG_WARN_BOOL_CONVERSION = YES;
				CLANG_WARN_COMMA = YES;
				CLANG_WARN_CONSTANT_CONVERSION = YES;
				CLANG_WARN_DEPRECATED_OBJC_IMPLEMENTATIONS = YES;
				CLANG_WARN_DIRECT_OBJC_ISA_USAGE = YES_ERROR;
				CLANG_WARN_DOCUMENTATION_COMMENTS = YES;
				CLANG_WARN_EMPTY_BODY = YES;
				CLANG_WARN_ENUM_CONVERSION = YES;
				CLANG_WARN_INFINITE_RECURSION = YES;
				CLANG_WARN_INT_CONVERSION = YES;
				CLANG_WARN_NON_LITERAL_NULL_CONVERSION = YES;
				CLANG_WARN_OBJC_IMPLICIT_RETAIN_SELF = YES;
				CLANG_WARN_OBJC_LITERAL_CONVERSION = YES;
				CLANG_WARN_OBJC_ROOT_CLASS = YES_ERROR;
				CLANG_WARN_QUOTED_INCLUDE_IN_FRAMEWORK_HEADER = YES;
				CLANG_WARN_RANGE_LOOP_ANALYSIS = YES;
				CLANG_WARN_STRICT_PROTOTYPES = YES;
				CLANG_WARN_SUSPICIOUS_MOVE = YES;
				CLANG_WARN_UNGUARDED_AVAILABILITY = YES_AGGRESSIVE;
				CLANG_WARN_UNREACHABLE_CODE = YES;
				CLANG_WARN__DUPLICATE_METHOD_MATCH = YES;
				COPY_PHASE_STRIP = NO;
				DEBUG_INFORMATION_FORMAT = dwarf;
				ENABLE_STRICT_OBJC_MSGSEND = YES;
				ENABLE_TESTABILITY = YES;
				ENABLE_USER_SCRIPT_SANDBOXING = YES;
				GCC_C_LANGUAGE_STANDARD = gnu17;
				GCC_DYNAMIC_NO_PIC = NO;
				GCC_NO_COMMON_BLOCKS = YES;
				GCC_OPTIMIZATION_LEVEL = 0;
				GCC_PREPROCESSOR_DEFINITIONS = (
					"DEBUG=1",
					"$(inherited)",
				);
				GCC_WARN_64_TO_32_BIT_CONVERSION = YES;
				GCC_WARN_ABOUT_RETURN_TYPE = YES_ERROR;
				GCC_WARN_UNDECLARED_SELECTOR = YES;
				GCC_WARN_UNINITIALIZED_AUTOS = YES_AGGRESSIVE;
				GCC_WARN_UNUSED_FUNCTION = YES;
				GCC_WARN_UNUSED_VARIABLE = YES;
				IPHONEOS_DEPLOYMENT_TARGET = 18.2;
				LOCALIZATION_PREFERS_STRING_CATALOGS = YES;
				MTL_ENABLE_DEBUG_INFO = INCLUDE_SOURCE;
				MTL_FAST_MATH = YES;
				ONLY_ACTIVE_ARCH = YES;
				SDKROOT = iphoneos;
				SWIFT_ACTIVE_COMPILATION_CONDITIONS = "DEBUG $(inherited)";
				SWIFT_OPTIMIZATION_LEVEL = "-Onone";
			};
			name = Debug;
		};
		78220FBD2DB4782200473F39 /* Release */ = {
			isa = XCBuildConfiguration;
			buildSettings = {
				ALWAYS_SEARCH_USER_PATHS = NO;
				ASSETCATALOG_COMPILER_GENERATE_SWIFT_ASSET_SYMBOL_EXTENSIONS = YES;
				CLANG_ANALYZER_NONNULL = YES;
				CLANG_ANALYZER_NUMBER_OBJECT_CONVERSION = YES_AGGRESSIVE;
				CLANG_CXX_LANGUAGE_STANDARD = "gnu++20";
				CLANG_ENABLE_MODULES = YES;
				CLANG_ENABLE_OBJC_ARC = YES;
				CLANG_ENABLE_OBJC_WEAK = YES;
				CLANG_WARN_BLOCK_CAPTURE_AUTORELEASING = YES;
				CLANG_WARN_BOOL_CONVERSION = YES;
				CLANG_WARN_COMMA = YES;
				CLANG_WARN_CONSTANT_CONVERSION = YES;
				CLANG_WARN_DEPRECATED_OBJC_IMPLEMENTATIONS = YES;
				CLANG_WARN_DIRECT_OBJC_ISA_USAGE = YES_ERROR;
				CLANG_WARN_DOCUMENTATION_COMMENTS = YES;
				CLANG_WARN_EMPTY_BODY = YES;
				CLANG_WARN_ENUM_CONVERSION = YES;
				CLANG_WARN_INFINITE_RECURSION = YES;
				CLANG_WARN_INT_CONVERSION = YES;
				CLANG_WARN_NON_LITERAL_NULL_CONVERSION = YES;
				CLANG_WARN_OBJC_IMPLICIT_RETAIN_SELF = YES;
				CLANG_WARN_OBJC_LITERAL_CONVERSION = YES;
				CLANG_WARN_OBJC_ROOT_CLASS = YES_ERROR;
				CLANG_WARN_QUOTED_INCLUDE_IN_FRAMEWORK_HEADER = YES;
				CLANG_WARN_RANGE_LOOP_ANALYSIS = YES;
				CLANG_WARN_STRICT_PROTOTYPES = YES;
				CLANG_WARN_SUSPICIOUS_MOVE = YES;
				CLANG_WARN_UNGUARDED_AVAILABILITY = YES_AGGRESSIVE;
				CLANG_WARN_UNREACHABLE_CODE = YES;
				CLANG_WARN__DUPLICATE_METHOD_MATCH = YES;
				COPY_PHASE_STRIP = NO;
				DEBUG_INFORMATION_FORMAT = "dwarf-with-dsym";
				ENABLE_NS_ASSERTIONS = NO;
				ENABLE_STRICT_OBJC_MSGSEND = YES;
				ENABLE_USER_SCRIPT_SANDBOXING = YES;
				GCC_C_LANGUAGE_STANDARD = gnu17;
				GCC_NO_COMMON_BLOCKS = YES;
				GCC_WARN_64_TO_32_BIT_CONVERSION = YES;
				GCC_WARN_ABOUT_RETURN_TYPE = YES_ERROR;
				GCC_WARN_UNDECLARED_SELECTOR = YES;
				GCC_WARN_UNINITIALIZED_AUTOS = YES_AGGRESSIVE;
				GCC_WARN_UNUSED_FUNCTION = YES;
				GCC_WARN_UNUSED_VARIABLE = YES;
				IPHONEOS_DEPLOYMENT_TARGET = 18.2;
				LOCALIZATION_PREFERS_STRING_CATALOGS = YES;
				MTL_ENABLE_DEBUG_INFO = NO;
				MTL_FAST_MATH = YES;
				SDKROOT = iphoneos;
				SWIFT_COMPILATION_MODE = wholemodule;
				VALIDATE_PRODUCT = YES;
			};
			name = Release;
		};
		78220FBF2DB4782200473F39 /* Debug */ = {
			isa = XCBuildConfiguration;
			buildSettings = {
				ASSETCATALOG_COMPILER_APPICON_NAME = AppIcon;
				ASSETCATALOG_COMPILER_GLOBAL_ACCENT_COLOR_NAME = AccentColor;
				CODE_SIGN_STYLE = Automatic;
				CURRENT_PROJECT_VERSION = 1;
				DEVELOPMENT_ASSET_PATHS = "\"DojoDork/Resources/Preview Content\"";
				DEVELOPMENT_TEAM = MJA8334VZT;
				ENABLE_PREVIEWS = YES;
				GENERATE_INFOPLIST_FILE = YES;
				INFOPLIST_FILE = DojoDork/Info.plist;
				INFOPLIST_KEY_UIApplicationSceneManifest_Generation = YES;
				INFOPLIST_KEY_UIApplicationSupportsIndirectInputEvents = YES;
				INFOPLIST_KEY_UILaunchScreen_Generation = YES;
				INFOPLIST_KEY_UISupportedInterfaceOrientations_iPad = "UIInterfaceOrientationPortrait UIInterfaceOrientationPortraitUpsideDown UIInterfaceOrientationLandscapeLeft UIInterfaceOrientationLandscapeRight";
				INFOPLIST_KEY_UISupportedInterfaceOrientations_iPhone = "UIInterfaceOrientationPortrait UIInterfaceOrientationLandscapeLeft UIInterfaceOrientationLandscapeRight";
				IPHONEOS_DEPLOYMENT_TARGET = 17.6;
				LD_RUNPATH_SEARCH_PATHS = (
					"$(inherited)",
					"@executable_path/Frameworks",
				);
				MARKETING_VERSION = 1.0;
				PRODUCT_BUNDLE_IDENTIFIER = com.zigamajig.DojoDork;
				PRODUCT_NAME = "$(TARGET_NAME)";
				SWIFT_EMIT_LOC_STRINGS = YES;
				SWIFT_VERSION = 5.0;
				TARGETED_DEVICE_FAMILY = "1,2";
			};
			name = Debug;
		};
		78220FC02DB4782200473F39 /* Release */ = {
			isa = XCBuildConfiguration;
			buildSettings = {
				ASSETCATALOG_COMPILER_APPICON_NAME = AppIcon;
				ASSETCATALOG_COMPILER_GLOBAL_ACCENT_COLOR_NAME = AccentColor;
				CODE_SIGN_STYLE = Automatic;
				CURRENT_PROJECT_VERSION = 1;
				DEVELOPMENT_ASSET_PATHS = "\"DojoDork/Resources/Preview Content\"";
				DEVELOPMENT_TEAM = MJA8334VZT;
				ENABLE_PREVIEWS = YES;
				GENERATE_INFOPLIST_FILE = YES;
				INFOPLIST_FILE = DojoDork/Info.plist;
				INFOPLIST_KEY_UIApplicationSceneManifest_Generation = YES;
				INFOPLIST_KEY_UIApplicationSupportsIndirectInputEvents = YES;
				INFOPLIST_KEY_UILaunchScreen_Generation = YES;
				INFOPLIST_KEY_UISupportedInterfaceOrientations_iPad = "UIInterfaceOrientationPortrait UIInterfaceOrientationPortraitUpsideDown UIInterfaceOrientationLandscapeLeft UIInterfaceOrientationLandscapeRight";
				INFOPLIST_KEY_UISupportedInterfaceOrientations_iPhone = "UIInterfaceOrientationPortrait UIInterfaceOrientationLandscapeLeft UIInterfaceOrientationLandscapeRight";
				IPHONEOS_DEPLOYMENT_TARGET = 17.6;
				LD_RUNPATH_SEARCH_PATHS = (
					"$(inherited)",
					"@executable_path/Frameworks",
				);
				MARKETING_VERSION = 1.0;
				PRODUCT_BUNDLE_IDENTIFIER = com.zigamajig.DojoDork;
				PRODUCT_NAME = "$(TARGET_NAME)";
				SWIFT_EMIT_LOC_STRINGS = YES;
				SWIFT_VERSION = 5.0;
				TARGETED_DEVICE_FAMILY = "1,2";
			};
			name = Release;
		};
/* End XCBuildConfiguration section */

/* Begin XCConfigurationList section */
		78220FAB2DB4782100473F39 /* Build configuration list for PBXProject "DojoDork" */ = {
			isa = XCConfigurationList;
			buildConfigurations = (
				78220FBC2DB4782200473F39 /* Debug */,
				78220FBD2DB4782200473F39 /* Release */,
			);
			defaultConfigurationIsVisible = 0;
			defaultConfigurationName = Release;
		};
		78220FBE2DB4782200473F39 /* Build configuration list for PBXNativeTarget "DojoDork" */ = {
			isa = XCConfigurationList;
			buildConfigurations = (
				78220FBF2DB4782200473F39 /* Debug */,
				78220FC02DB4782200473F39 /* Release */,
			);
			defaultConfigurationIsVisible = 0;
			defaultConfigurationName = Release;
		};
/* End XCConfigurationList section */

/* Begin XCRemoteSwiftPackageReference section */
		78220FF22DB4807B00473F39 /* XCRemoteSwiftPackageReference "Swinject" */ = {
			isa = XCRemoteSwiftPackageReference;
			repositoryURL = "https://github.com/Swinject/Swinject";
			requirement = {
				kind = upToNextMajorVersion;
				minimumVersion = 2.9.1;
			};
		};
		782210692DB5869800473F39 /* XCRemoteSwiftPackageReference "SwiftfulLoadingIndicators" */ = {
			isa = XCRemoteSwiftPackageReference;
			repositoryURL = "https://github.com/SwiftfulThinking/SwiftfulLoadingIndicators.git";
			requirement = {
				kind = upToNextMajorVersion;
				minimumVersion = 0.0.4;
			};
		};
/* End XCRemoteSwiftPackageReference section */

/* Begin XCSwiftPackageProductDependency section */
		78220FF32DB4807B00473F39 /* Swinject */ = {
			isa = XCSwiftPackageProductDependency;
			package = 78220FF22DB4807B00473F39 /* XCRemoteSwiftPackageReference "Swinject" */;
			productName = Swinject;
		};
		7822106A2DB5869800473F39 /* SwiftfulLoadingIndicators */ = {
			isa = XCSwiftPackageProductDependency;
			package = 782210692DB5869800473F39 /* XCRemoteSwiftPackageReference "SwiftfulLoadingIndicators" */;
			productName = SwiftfulLoadingIndicators;
		};
/* End XCSwiftPackageProductDependency section */
	};
	rootObject = 78220FA82DB4782100473F39 /* Project object */;
}
